// !$*UTF8*$!
{
	archiveVersion = 1;
	classes = {
	};
	objectVersion = 50;
	objects = {

/* Begin PBXBuildFile section */
		180EF06F230852B400993A38 /* ContactsTableViewCell.swift in Sources */ = {isa = PBXBuildFile; fileRef = 180EF06D230852B400993A38 /* ContactsTableViewCell.swift */; };
		180EF070230852B400993A38 /* ContactsTableViewCell.xib in Resources */ = {isa = PBXBuildFile; fileRef = 180EF06E230852B400993A38 /* ContactsTableViewCell.xib */; };
		180EF0722308627A00993A38 /* ContactDetailViewController.swift in Sources */ = {isa = PBXBuildFile; fileRef = 180EF0712308627A00993A38 /* ContactDetailViewController.swift */; };
		180EF07523086CC600993A38 /* ContactDetailTableViewCell.swift in Sources */ = {isa = PBXBuildFile; fileRef = 180EF07323086CC600993A38 /* ContactDetailTableViewCell.swift */; };
		180EF07623086CC600993A38 /* ContactDetailTableViewCell.xib in Resources */ = {isa = PBXBuildFile; fileRef = 180EF07423086CC600993A38 /* ContactDetailTableViewCell.xib */; };
		18F82731230825AE008491E6 /* AppDelegate.swift in Sources */ = {isa = PBXBuildFile; fileRef = 18F82730230825AE008491E6 /* AppDelegate.swift */; };
		18F82736230825AE008491E6 /* Main.storyboard in Resources */ = {isa = PBXBuildFile; fileRef = 18F82734230825AE008491E6 /* Main.storyboard */; };
		18F82739230825AE008491E6 /* GoJekContacts.xcdatamodeld in Sources */ = {isa = PBXBuildFile; fileRef = 18F82737230825AE008491E6 /* GoJekContacts.xcdatamodeld */; };
		18F8273B230825B0008491E6 /* Assets.xcassets in Resources */ = {isa = PBXBuildFile; fileRef = 18F8273A230825B0008491E6 /* Assets.xcassets */; };
		18F8273E230825B0008491E6 /* LaunchScreen.storyboard in Resources */ = {isa = PBXBuildFile; fileRef = 18F8273C230825B0008491E6 /* LaunchScreen.storyboard */; };
		18F82749230825B0008491E6 /* GoJekContactsTests.swift in Sources */ = {isa = PBXBuildFile; fileRef = 18F82748230825B0008491E6 /* GoJekContactsTests.swift */; };
		18F82754230825B0008491E6 /* GoJekContactsUITests.swift in Sources */ = {isa = PBXBuildFile; fileRef = 18F82753230825B0008491E6 /* GoJekContactsUITests.swift */; };
		18F8276323082857008491E6 /* ContactsTableViewController.swift in Sources */ = {isa = PBXBuildFile; fileRef = 18F8276223082857008491E6 /* ContactsTableViewController.swift */; };
		A67480EFF26FC8FF24404098 /* Pods_GoJekContactsUITests.framework in Frameworks */ = {isa = PBXBuildFile; fileRef = C687780568EAD351F81A696E /* Pods_GoJekContactsUITests.framework */; };
		D33A3785E892BA7BF144E1BF /* Pods_GoJekContactsTests.framework in Frameworks */ = {isa = PBXBuildFile; fileRef = F9D899865508FDCDCC3F5EB2 /* Pods_GoJekContactsTests.framework */; };
		FA169D2852E720DA74C70853 /* Pods_GoJekContacts.framework in Frameworks */ = {isa = PBXBuildFile; fileRef = E3468F3628DA166732C29FAB /* Pods_GoJekContacts.framework */; };
/* End PBXBuildFile section */

/* Begin PBXContainerItemProxy section */
		18F82745230825B0008491E6 /* PBXContainerItemProxy */ = {
			isa = PBXContainerItemProxy;
			containerPortal = 18F82725230825AE008491E6 /* Project object */;
			proxyType = 1;
			remoteGlobalIDString = 18F8272C230825AE008491E6;
			remoteInfo = GoJekContacts;
		};
		18F82750230825B0008491E6 /* PBXContainerItemProxy */ = {
			isa = PBXContainerItemProxy;
			containerPortal = 18F82725230825AE008491E6 /* Project object */;
			proxyType = 1;
			remoteGlobalIDString = 18F8272C230825AE008491E6;
			remoteInfo = GoJekContacts;
		};
/* End PBXContainerItemProxy section */

/* Begin PBXFileReference section */
		180EF06D230852B400993A38 /* ContactsTableViewCell.swift */ = {isa = PBXFileReference; lastKnownFileType = sourcecode.swift; path = ContactsTableViewCell.swift; sourceTree = "<group>"; };
		180EF06E230852B400993A38 /* ContactsTableViewCell.xib */ = {isa = PBXFileReference; lastKnownFileType = file.xib; path = ContactsTableViewCell.xib; sourceTree = "<group>"; };
		180EF0712308627A00993A38 /* ContactDetailViewController.swift */ = {isa = PBXFileReference; lastKnownFileType = sourcecode.swift; path = ContactDetailViewController.swift; sourceTree = "<group>"; };
		180EF07323086CC600993A38 /* ContactDetailTableViewCell.swift */ = {isa = PBXFileReference; lastKnownFileType = sourcecode.swift; path = ContactDetailTableViewCell.swift; sourceTree = "<group>"; };
		180EF07423086CC600993A38 /* ContactDetailTableViewCell.xib */ = {isa = PBXFileReference; lastKnownFileType = file.xib; path = ContactDetailTableViewCell.xib; sourceTree = "<group>"; };
		18F8272D230825AE008491E6 /* GoJekContacts.app */ = {isa = PBXFileReference; explicitFileType = wrapper.application; includeInIndex = 0; path = GoJekContacts.app; sourceTree = BUILT_PRODUCTS_DIR; };
		18F82730230825AE008491E6 /* AppDelegate.swift */ = {isa = PBXFileReference; lastKnownFileType = sourcecode.swift; path = AppDelegate.swift; sourceTree = "<group>"; };
		18F82735230825AE008491E6 /* Base */ = {isa = PBXFileReference; lastKnownFileType = file.storyboard; name = Base; path = Base.lproj/Main.storyboard; sourceTree = "<group>"; };
		18F82738230825AE008491E6 /* GoJekContacts.xcdatamodel */ = {isa = PBXFileReference; lastKnownFileType = wrapper.xcdatamodel; path = GoJekContacts.xcdatamodel; sourceTree = "<group>"; };
		18F8273A230825B0008491E6 /* Assets.xcassets */ = {isa = PBXFileReference; lastKnownFileType = folder.assetcatalog; path = Assets.xcassets; sourceTree = "<group>"; };
		18F8273D230825B0008491E6 /* Base */ = {isa = PBXFileReference; lastKnownFileType = file.storyboard; name = Base; path = Base.lproj/LaunchScreen.storyboard; sourceTree = "<group>"; };
		18F8273F230825B0008491E6 /* Info.plist */ = {isa = PBXFileReference; lastKnownFileType = text.plist.xml; path = Info.plist; sourceTree = "<group>"; };
		18F82744230825B0008491E6 /* GoJekContactsTests.xctest */ = {isa = PBXFileReference; explicitFileType = wrapper.cfbundle; includeInIndex = 0; path = GoJekContactsTests.xctest; sourceTree = BUILT_PRODUCTS_DIR; };
		18F82748230825B0008491E6 /* GoJekContactsTests.swift */ = {isa = PBXFileReference; lastKnownFileType = sourcecode.swift; path = GoJekContactsTests.swift; sourceTree = "<group>"; };
		18F8274A230825B0008491E6 /* Info.plist */ = {isa = PBXFileReference; lastKnownFileType = text.plist.xml; path = Info.plist; sourceTree = "<group>"; };
		18F8274F230825B0008491E6 /* GoJekContactsUITests.xctest */ = {isa = PBXFileReference; explicitFileType = wrapper.cfbundle; includeInIndex = 0; path = GoJekContactsUITests.xctest; sourceTree = BUILT_PRODUCTS_DIR; };
		18F82753230825B0008491E6 /* GoJekContactsUITests.swift */ = {isa = PBXFileReference; lastKnownFileType = sourcecode.swift; path = GoJekContactsUITests.swift; sourceTree = "<group>"; };
		18F82755230825B0008491E6 /* Info.plist */ = {isa = PBXFileReference; lastKnownFileType = text.plist.xml; path = Info.plist; sourceTree = "<group>"; };
		18F8276223082857008491E6 /* ContactsTableViewController.swift */ = {isa = PBXFileReference; lastKnownFileType = sourcecode.swift; path = ContactsTableViewController.swift; sourceTree = "<group>"; };
		2B69BE144D84A7C83049E230 /* Pods-GoJekContacts.release.xcconfig */ = {isa = PBXFileReference; includeInIndex = 1; lastKnownFileType = text.xcconfig; name = "Pods-GoJekContacts.release.xcconfig"; path = "Pods/Target Support Files/Pods-GoJekContacts/Pods-GoJekContacts.release.xcconfig"; sourceTree = "<group>"; };
		58C69D1817750DD299C2B8D9 /* Pods-GoJekContactsUITests.debug.xcconfig */ = {isa = PBXFileReference; includeInIndex = 1; lastKnownFileType = text.xcconfig; name = "Pods-GoJekContactsUITests.debug.xcconfig"; path = "Pods/Target Support Files/Pods-GoJekContactsUITests/Pods-GoJekContactsUITests.debug.xcconfig"; sourceTree = "<group>"; };
		7429F2D82F0EAEB1A0E01958 /* Pods-GoJekContacts.debug.xcconfig */ = {isa = PBXFileReference; includeInIndex = 1; lastKnownFileType = text.xcconfig; name = "Pods-GoJekContacts.debug.xcconfig"; path = "Pods/Target Support Files/Pods-GoJekContacts/Pods-GoJekContacts.debug.xcconfig"; sourceTree = "<group>"; };
		7B8FD31AE94ACC9E0C70292E /* Pods-GoJekContactsUITests.release.xcconfig */ = {isa = PBXFileReference; includeInIndex = 1; lastKnownFileType = text.xcconfig; name = "Pods-GoJekContactsUITests.release.xcconfig"; path = "Pods/Target Support Files/Pods-GoJekContactsUITests/Pods-GoJekContactsUITests.release.xcconfig"; sourceTree = "<group>"; };
		C687780568EAD351F81A696E /* Pods_GoJekContactsUITests.framework */ = {isa = PBXFileReference; explicitFileType = wrapper.framework; includeInIndex = 0; path = Pods_GoJekContactsUITests.framework; sourceTree = BUILT_PRODUCTS_DIR; };
		E3468F3628DA166732C29FAB /* Pods_GoJekContacts.framework */ = {isa = PBXFileReference; explicitFileType = wrapper.framework; includeInIndex = 0; path = Pods_GoJekContacts.framework; sourceTree = BUILT_PRODUCTS_DIR; };
		F19AB0277C2622FF360F526B /* Pods-GoJekContactsTests.debug.xcconfig */ = {isa = PBXFileReference; includeInIndex = 1; lastKnownFileType = text.xcconfig; name = "Pods-GoJekContactsTests.debug.xcconfig"; path = "Pods/Target Support Files/Pods-GoJekContactsTests/Pods-GoJekContactsTests.debug.xcconfig"; sourceTree = "<group>"; };
		F9D899865508FDCDCC3F5EB2 /* Pods_GoJekContactsTests.framework */ = {isa = PBXFileReference; explicitFileType = wrapper.framework; includeInIndex = 0; path = Pods_GoJekContactsTests.framework; sourceTree = BUILT_PRODUCTS_DIR; };
		FEDA6FE67AB88F12308C9DF9 /* Pods-GoJekContactsTests.release.xcconfig */ = {isa = PBXFileReference; includeInIndex = 1; lastKnownFileType = text.xcconfig; name = "Pods-GoJekContactsTests.release.xcconfig"; path = "Pods/Target Support Files/Pods-GoJekContactsTests/Pods-GoJekContactsTests.release.xcconfig"; sourceTree = "<group>"; };
/* End PBXFileReference section */

/* Begin PBXFrameworksBuildPhase section */
		18F8272A230825AE008491E6 /* Frameworks */ = {
			isa = PBXFrameworksBuildPhase;
			buildActionMask = 2147483647;
			files = (
				FA169D2852E720DA74C70853 /* Pods_GoJekContacts.framework in Frameworks */,
			);
			runOnlyForDeploymentPostprocessing = 0;
		};
		18F82741230825B0008491E6 /* Frameworks */ = {
			isa = PBXFrameworksBuildPhase;
			buildActionMask = 2147483647;
			files = (
				D33A3785E892BA7BF144E1BF /* Pods_GoJekContactsTests.framework in Frameworks */,
			);
			runOnlyForDeploymentPostprocessing = 0;
		};
		18F8274C230825B0008491E6 /* Frameworks */ = {
			isa = PBXFrameworksBuildPhase;
			buildActionMask = 2147483647;
			files = (
				A67480EFF26FC8FF24404098 /* Pods_GoJekContactsUITests.framework in Frameworks */,
			);
			runOnlyForDeploymentPostprocessing = 0;
		};
/* End PBXFrameworksBuildPhase section */

/* Begin PBXGroup section */
		180EF06C2308528300993A38 /* TableViewCell */ = {
			isa = PBXGroup;
			children = (
				180EF06D230852B400993A38 /* ContactsTableViewCell.swift */,
				180EF06E230852B400993A38 /* ContactsTableViewCell.xib */,
				180EF07323086CC600993A38 /* ContactDetailTableViewCell.swift */,
				180EF07423086CC600993A38 /* ContactDetailTableViewCell.xib */,
			);
			path = TableViewCell;
			sourceTree = "<group>";
		};
		18F82724230825AE008491E6 = {
			isa = PBXGroup;
			children = (
				18F8272F230825AE008491E6 /* GoJekContacts */,
				18F82747230825B0008491E6 /* GoJekContactsTests */,
				18F82752230825B0008491E6 /* GoJekContactsUITests */,
				18F8272E230825AE008491E6 /* Products */,
				C1D1A307FA24D6D8B935EBE2 /* Pods */,
				8D11EED859B79B888119B691 /* Frameworks */,
			);
			sourceTree = "<group>";
		};
		18F8272E230825AE008491E6 /* Products */ = {
			isa = PBXGroup;
			children = (
				18F8272D230825AE008491E6 /* GoJekContacts.app */,
				18F82744230825B0008491E6 /* GoJekContactsTests.xctest */,
				18F8274F230825B0008491E6 /* GoJekContactsUITests.xctest */,
			);
			name = Products;
			sourceTree = "<group>";
		};
		18F8272F230825AE008491E6 /* GoJekContacts */ = {
			isa = PBXGroup;
			children = (
				18F827612308283F008491E6 /* View */,
				18F82730230825AE008491E6 /* AppDelegate.swift */,
				18F82734230825AE008491E6 /* Main.storyboard */,
				18F8273A230825B0008491E6 /* Assets.xcassets */,
				18F8273C230825B0008491E6 /* LaunchScreen.storyboard */,
				18F8273F230825B0008491E6 /* Info.plist */,
				18F82737230825AE008491E6 /* GoJekContacts.xcdatamodeld */,
			);
			path = GoJekContacts;
			sourceTree = "<group>";
		};
		18F82747230825B0008491E6 /* GoJekContactsTests */ = {
			isa = PBXGroup;
			children = (
				18F82748230825B0008491E6 /* GoJekContactsTests.swift */,
				18F8274A230825B0008491E6 /* Info.plist */,
			);
			path = GoJekContactsTests;
			sourceTree = "<group>";
		};
		18F82752230825B0008491E6 /* GoJekContactsUITests */ = {
			isa = PBXGroup;
			children = (
				18F82753230825B0008491E6 /* GoJekContactsUITests.swift */,
				18F82755230825B0008491E6 /* Info.plist */,
			);
			path = GoJekContactsUITests;
			sourceTree = "<group>";
		};
		18F827612308283F008491E6 /* View */ = {
			isa = PBXGroup;
			children = (
				180EF06C2308528300993A38 /* TableViewCell */,
				18F8276223082857008491E6 /* ContactsTableViewController.swift */,
				180EF0712308627A00993A38 /* ContactDetailViewController.swift */,
			);
			path = View;
			sourceTree = "<group>";
		};
		8D11EED859B79B888119B691 /* Frameworks */ = {
			isa = PBXGroup;
			children = (
				E3468F3628DA166732C29FAB /* Pods_GoJekContacts.framework */,
				F9D899865508FDCDCC3F5EB2 /* Pods_GoJekContactsTests.framework */,
				C687780568EAD351F81A696E /* Pods_GoJekContactsUITests.framework */,
			);
			name = Frameworks;
			sourceTree = "<group>";
		};
		C1D1A307FA24D6D8B935EBE2 /* Pods */ = {
			isa = PBXGroup;
			children = (
				7429F2D82F0EAEB1A0E01958 /* Pods-GoJekContacts.debug.xcconfig */,
				2B69BE144D84A7C83049E230 /* Pods-GoJekContacts.release.xcconfig */,
				F19AB0277C2622FF360F526B /* Pods-GoJekContactsTests.debug.xcconfig */,
				FEDA6FE67AB88F12308C9DF9 /* Pods-GoJekContactsTests.release.xcconfig */,
				58C69D1817750DD299C2B8D9 /* Pods-GoJekContactsUITests.debug.xcconfig */,
				7B8FD31AE94ACC9E0C70292E /* Pods-GoJekContactsUITests.release.xcconfig */,
			);
			name = Pods;
			sourceTree = "<group>";
		};
/* End PBXGroup section */

/* Begin PBXNativeTarget section */
		18F8272C230825AE008491E6 /* GoJekContacts */ = {
			isa = PBXNativeTarget;
			buildConfigurationList = 18F82758230825B0008491E6 /* Build configuration list for PBXNativeTarget "GoJekContacts" */;
			buildPhases = (
				AD73F13D0C99B39711AA97B6 /* [CP] Check Pods Manifest.lock */,
				18F82729230825AE008491E6 /* Sources */,
				18F8272A230825AE008491E6 /* Frameworks */,
				18F8272B230825AE008491E6 /* Resources */,
				18F8276423084203008491E6 /* ShellScript */,
			);
			buildRules = (
			);
			dependencies = (
			);
			name = GoJekContacts;
			productName = GoJekContacts;
			productReference = 18F8272D230825AE008491E6 /* GoJekContacts.app */;
			productType = "com.apple.product-type.application";
		};
		18F82743230825B0008491E6 /* GoJekContactsTests */ = {
			isa = PBXNativeTarget;
			buildConfigurationList = 18F8275B230825B0008491E6 /* Build configuration list for PBXNativeTarget "GoJekContactsTests" */;
			buildPhases = (
				3B0E3523349F3CC03AEDEDC3 /* [CP] Check Pods Manifest.lock */,
				18F82740230825B0008491E6 /* Sources */,
				18F82741230825B0008491E6 /* Frameworks */,
				18F82742230825B0008491E6 /* Resources */,
			);
			buildRules = (
			);
			dependencies = (
				18F82746230825B0008491E6 /* PBXTargetDependency */,
			);
			name = GoJekContactsTests;
			productName = GoJekContactsTests;
			productReference = 18F82744230825B0008491E6 /* GoJekContactsTests.xctest */;
			productType = "com.apple.product-type.bundle.unit-test";
		};
		18F8274E230825B0008491E6 /* GoJekContactsUITests */ = {
			isa = PBXNativeTarget;
			buildConfigurationList = 18F8275E230825B0008491E6 /* Build configuration list for PBXNativeTarget "GoJekContactsUITests" */;
			buildPhases = (
				3BC5E118EDAB247836A70F9C /* [CP] Check Pods Manifest.lock */,
				18F8274B230825B0008491E6 /* Sources */,
				18F8274C230825B0008491E6 /* Frameworks */,
				18F8274D230825B0008491E6 /* Resources */,
			);
			buildRules = (
			);
			dependencies = (
				18F82751230825B0008491E6 /* PBXTargetDependency */,
			);
			name = GoJekContactsUITests;
			productName = GoJekContactsUITests;
			productReference = 18F8274F230825B0008491E6 /* GoJekContactsUITests.xctest */;
			productType = "com.apple.product-type.bundle.ui-testing";
		};
/* End PBXNativeTarget section */

/* Begin PBXProject section */
		18F82725230825AE008491E6 /* Project object */ = {
			isa = PBXProject;
			attributes = {
				LastSwiftUpdateCheck = 1030;
				LastUpgradeCheck = 1030;
				ORGANIZATIONNAME = ThinkAnts;
				TargetAttributes = {
					18F8272C230825AE008491E6 = {
						CreatedOnToolsVersion = 10.3;
					};
					18F82743230825B0008491E6 = {
						CreatedOnToolsVersion = 10.3;
						TestTargetID = 18F8272C230825AE008491E6;
					};
					18F8274E230825B0008491E6 = {
						CreatedOnToolsVersion = 10.3;
						TestTargetID = 18F8272C230825AE008491E6;
					};
				};
			};
			buildConfigurationList = 18F82728230825AE008491E6 /* Build configuration list for PBXProject "GoJekContacts" */;
			compatibilityVersion = "Xcode 9.3";
			developmentRegion = en;
			hasScannedForEncodings = 0;
			knownRegions = (
				en,
				Base,
			);
			mainGroup = 18F82724230825AE008491E6;
			productRefGroup = 18F8272E230825AE008491E6 /* Products */;
			projectDirPath = "";
			projectRoot = "";
			targets = (
				18F8272C230825AE008491E6 /* GoJekContacts */,
				18F82743230825B0008491E6 /* GoJekContactsTests */,
				18F8274E230825B0008491E6 /* GoJekContactsUITests */,
			);
		};
/* End PBXProject section */

/* Begin PBXResourcesBuildPhase section */
		18F8272B230825AE008491E6 /* Resources */ = {
			isa = PBXResourcesBuildPhase;
			buildActionMask = 2147483647;
			files = (
				180EF070230852B400993A38 /* ContactsTableViewCell.xib in Resources */,
				18F8273E230825B0008491E6 /* LaunchScreen.storyboard in Resources */,
				18F8273B230825B0008491E6 /* Assets.xcassets in Resources */,
				18F82736230825AE008491E6 /* Main.storyboard in Resources */,
				180EF07623086CC600993A38 /* ContactDetailTableViewCell.xib in Resources */,
			);
			runOnlyForDeploymentPostprocessing = 0;
		};
		18F82742230825B0008491E6 /* Resources */ = {
			isa = PBXResourcesBuildPhase;
			buildActionMask = 2147483647;
			files = (
			);
			runOnlyForDeploymentPostprocessing = 0;
		};
		18F8274D230825B0008491E6 /* Resources */ = {
			isa = PBXResourcesBuildPhase;
			buildActionMask = 2147483647;
			files = (
			);
			runOnlyForDeploymentPostprocessing = 0;
		};
/* End PBXResourcesBuildPhase section */

/* Begin PBXShellScriptBuildPhase section */
		18F8276423084203008491E6 /* ShellScript */ = {
			isa = PBXShellScriptBuildPhase;
			buildActionMask = 2147483647;
			files = (
			);
			inputFileListPaths = (
			);
			inputPaths = (
			);
			outputFileListPaths = (
			);
			outputPaths = (
			);
			runOnlyForDeploymentPostprocessing = 0;
			shellPath = /bin/sh;
			shellScript = "\"${PODS_ROOT}/SwiftLint/swiftlint\"  \n";
		};
		3B0E3523349F3CC03AEDEDC3 /* [CP] Check Pods Manifest.lock */ = {
			isa = PBXShellScriptBuildPhase;
			buildActionMask = 2147483647;
			files = (
			);
			inputFileListPaths = (
			);
			inputPaths = (
				"${PODS_PODFILE_DIR_PATH}/Podfile.lock",
				"${PODS_ROOT}/Manifest.lock",
			);
			name = "[CP] Check Pods Manifest.lock";
			outputFileListPaths = (
			);
			outputPaths = (
				"$(DERIVED_FILE_DIR)/Pods-GoJekContactsTests-checkManifestLockResult.txt",
			);
			runOnlyForDeploymentPostprocessing = 0;
			shellPath = /bin/sh;
			shellScript = "diff \"${PODS_PODFILE_DIR_PATH}/Podfile.lock\" \"${PODS_ROOT}/Manifest.lock\" > /dev/null\nif [ $? != 0 ] ; then\n    # print error to STDERR\n    echo \"error: The sandbox is not in sync with the Podfile.lock. Run 'pod install' or update your CocoaPods installation.\" >&2\n    exit 1\nfi\n# This output is used by Xcode 'outputs' to avoid re-running this script phase.\necho \"SUCCESS\" > \"${SCRIPT_OUTPUT_FILE_0}\"\n";
			showEnvVarsInLog = 0;
		};
		3BC5E118EDAB247836A70F9C /* [CP] Check Pods Manifest.lock */ = {
			isa = PBXShellScriptBuildPhase;
			buildActionMask = 2147483647;
			files = (
			);
			inputFileListPaths = (
			);
			inputPaths = (
				"${PODS_PODFILE_DIR_PATH}/Podfile.lock",
				"${PODS_ROOT}/Manifest.lock",
			);
			name = "[CP] Check Pods Manifest.lock";
			outputFileListPaths = (
			);
			outputPaths = (
				"$(DERIVED_FILE_DIR)/Pods-GoJekContactsUITests-checkManifestLockResult.txt",
			);
			runOnlyForDeploymentPostprocessing = 0;
			shellPath = /bin/sh;
			shellScript = "diff \"${PODS_PODFILE_DIR_PATH}/Podfile.lock\" \"${PODS_ROOT}/Manifest.lock\" > /dev/null\nif [ $? != 0 ] ; then\n    # print error to STDERR\n    echo \"error: The sandbox is not in sync with the Podfile.lock. Run 'pod install' or update your CocoaPods installation.\" >&2\n    exit 1\nfi\n# This output is used by Xcode 'outputs' to avoid re-running this script phase.\necho \"SUCCESS\" > \"${SCRIPT_OUTPUT_FILE_0}\"\n";
			showEnvVarsInLog = 0;
		};
		AD73F13D0C99B39711AA97B6 /* [CP] Check Pods Manifest.lock */ = {
			isa = PBXShellScriptBuildPhase;
			buildActionMask = 2147483647;
			files = (
			);
			inputFileListPaths = (
			);
			inputPaths = (
				"${PODS_PODFILE_DIR_PATH}/Podfile.lock",
				"${PODS_ROOT}/Manifest.lock",
			);
			name = "[CP] Check Pods Manifest.lock";
			outputFileListPaths = (
			);
			outputPaths = (
				"$(DERIVED_FILE_DIR)/Pods-GoJekContacts-checkManifestLockResult.txt",
			);
			runOnlyForDeploymentPostprocessing = 0;
			shellPath = /bin/sh;
			shellScript = "diff \"${PODS_PODFILE_DIR_PATH}/Podfile.lock\" \"${PODS_ROOT}/Manifest.lock\" > /dev/null\nif [ $? != 0 ] ; then\n    # print error to STDERR\n    echo \"error: The sandbox is not in sync with the Podfile.lock. Run 'pod install' or update your CocoaPods installation.\" >&2\n    exit 1\nfi\n# This output is used by Xcode 'outputs' to avoid re-running this script phase.\necho \"SUCCESS\" > \"${SCRIPT_OUTPUT_FILE_0}\"\n";
			showEnvVarsInLog = 0;
		};
/* End PBXShellScriptBuildPhase section */

/* Begin PBXSourcesBuildPhase section */
		18F82729230825AE008491E6 /* Sources */ = {
			isa = PBXSourcesBuildPhase;
			buildActionMask = 2147483647;
			files = (
				180EF07523086CC600993A38 /* ContactDetailTableViewCell.swift in Sources */,
				180EF06F230852B400993A38 /* ContactsTableViewCell.swift in Sources */,
				180EF0722308627A00993A38 /* ContactDetailViewController.swift in Sources */,
				18F82739230825AE008491E6 /* GoJekContacts.xcdatamodeld in Sources */,
				18F8276323082857008491E6 /* ContactsTableViewController.swift in Sources */,
				18F82731230825AE008491E6 /* AppDelegate.swift in Sources */,
			);
			runOnlyForDeploymentPostprocessing = 0;
		};
		18F82740230825B0008491E6 /* Sources */ = {
			isa = PBXSourcesBuildPhase;
			buildActionMask = 2147483647;
			files = (
				18F82749230825B0008491E6 /* GoJekContactsTests.swift in Sources */,
			);
			runOnlyForDeploymentPostprocessing = 0;
		};
		18F8274B230825B0008491E6 /* Sources */ = {
			isa = PBXSourcesBuildPhase;
			buildActionMask = 2147483647;
			files = (
				18F82754230825B0008491E6 /* GoJekContactsUITests.swift in Sources */,
			);
			runOnlyForDeploymentPostprocessing = 0;
		};
/* End PBXSourcesBuildPhase section */

/* Begin PBXTargetDependency section */
		18F82746230825B0008491E6 /* PBXTargetDependency */ = {
			isa = PBXTargetDependency;
			target = 18F8272C230825AE008491E6 /* GoJekContacts */;
			targetProxy = 18F82745230825B0008491E6 /* PBXContainerItemProxy */;
		};
		18F82751230825B0008491E6 /* PBXTargetDependency */ = {
			isa = PBXTargetDependency;
			target = 18F8272C230825AE008491E6 /* GoJekContacts */;
			targetProxy = 18F82750230825B0008491E6 /* PBXContainerItemProxy */;
		};
/* End PBXTargetDependency section */

/* Begin PBXVariantGroup section */
		18F82734230825AE008491E6 /* Main.storyboard */ = {
			isa = PBXVariantGroup;
			children = (
				18F82735230825AE008491E6 /* Base */,
			);
			name = Main.storyboard;
			sourceTree = "<group>";
		};
		18F8273C230825B0008491E6 /* LaunchScreen.storyboard */ = {
			isa = PBXVariantGroup;
			children = (
				18F8273D230825B0008491E6 /* Base */,
			);
			name = LaunchScreen.storyboard;
			sourceTree = "<group>";
		};
/* End PBXVariantGroup section */

/* Begin XCBuildConfiguration section */
		18F82756230825B0008491E6 /* Debug */ = {
			isa = XCBuildConfiguration;
			buildSettings = {
				ALWAYS_SEARCH_USER_PATHS = NO;
				CLANG_ANALYZER_NONNULL = YES;
				CLANG_ANALYZER_NUMBER_OBJECT_CONVERSION = YES_AGGRESSIVE;
				CLANG_CXX_LANGUAGE_STANDARD = "gnu++14";
				CLANG_CXX_LIBRARY = "libc++";
				CLANG_ENABLE_MODULES = YES;
				CLANG_ENABLE_OBJC_ARC = YES;
				CLANG_ENABLE_OBJC_WEAK = YES;
				CLANG_WARN_BLOCK_CAPTURE_AUTORELEASING = YES;
				CLANG_WARN_BOOL_CONVERSION = YES;
				CLANG_WARN_COMMA = YES;
				CLANG_WARN_CONSTANT_CONVERSION = YES;
				CLANG_WARN_DEPRECATED_OBJC_IMPLEMENTATIONS = YES;
				CLANG_WARN_DIRECT_OBJC_ISA_USAGE = YES_ERROR;
				CLANG_WARN_DOCUMENTATION_COMMENTS = YES;
				CLANG_WARN_EMPTY_BODY = YES;
				CLANG_WARN_ENUM_CONVERSION = YES;
				CLANG_WARN_INFINITE_RECURSION = YES;
				CLANG_WARN_INT_CONVERSION = YES;
				CLANG_WARN_NON_LITERAL_NULL_CONVERSION = YES;
				CLANG_WARN_OBJC_IMPLICIT_RETAIN_SELF = YES;
				CLANG_WARN_OBJC_LITERAL_CONVERSION = YES;
				CLANG_WARN_OBJC_ROOT_CLASS = YES_ERROR;
				CLANG_WARN_RANGE_LOOP_ANALYSIS = YES;
				CLANG_WARN_STRICT_PROTOTYPES = YES;
				CLANG_WARN_SUSPICIOUS_MOVE = YES;
				CLANG_WARN_UNGUARDED_AVAILABILITY = YES_AGGRESSIVE;
				CLANG_WARN_UNREACHABLE_CODE = YES;
				CLANG_WARN__DUPLICATE_METHOD_MATCH = YES;
				CODE_SIGN_IDENTITY = "iPhone Developer";
				COPY_PHASE_STRIP = NO;
				DEBUG_INFORMATION_FORMAT = dwarf;
				ENABLE_STRICT_OBJC_MSGSEND = YES;
				ENABLE_TESTABILITY = YES;
				GCC_C_LANGUAGE_STANDARD = gnu11;
				GCC_DYNAMIC_NO_PIC = NO;
				GCC_NO_COMMON_BLOCKS = YES;
				GCC_OPTIMIZATION_LEVEL = 0;
				GCC_PREPROCESSOR_DEFINITIONS = (
					"DEBUG=1",
					"$(inherited)",
				);
				GCC_WARN_64_TO_32_BIT_CONVERSION = YES;
				GCC_WARN_ABOUT_RETURN_TYPE = YES_ERROR;
				GCC_WARN_UNDECLARED_SELECTOR = YES;
				GCC_WARN_UNINITIALIZED_AUTOS = YES_AGGRESSIVE;
				GCC_WARN_UNUSED_FUNCTION = YES;
				GCC_WARN_UNUSED_VARIABLE = YES;
				IPHONEOS_DEPLOYMENT_TARGET = 12.4;
				MTL_ENABLE_DEBUG_INFO = INCLUDE_SOURCE;
				MTL_FAST_MATH = YES;
				ONLY_ACTIVE_ARCH = YES;
				SDKROOT = iphoneos;
				SWIFT_ACTIVE_COMPILATION_CONDITIONS = DEBUG;
				SWIFT_OPTIMIZATION_LEVEL = "-Onone";
			};
			name = Debug;
		};
		18F82757230825B0008491E6 /* Release */ = {
			isa = XCBuildConfiguration;
			buildSettings = {
				ALWAYS_SEARCH_USER_PATHS = NO;
				CLANG_ANALYZER_NONNULL = YES;
				CLANG_ANALYZER_NUMBER_OBJECT_CONVERSION = YES_AGGRESSIVE;
				CLANG_CXX_LANGUAGE_STANDARD = "gnu++14";
				CLANG_CXX_LIBRARY = "libc++";
				CLANG_ENABLE_MODULES = YES;
				CLANG_ENABLE_OBJC_ARC = YES;
				CLANG_ENABLE_OBJC_WEAK = YES;
				CLANG_WARN_BLOCK_CAPTURE_AUTORELEASING = YES;
				CLANG_WARN_BOOL_CONVERSION = YES;
				CLANG_WARN_COMMA = YES;
				CLANG_WARN_CONSTANT_CONVERSION = YES;
				CLANG_WARN_DEPRECATED_OBJC_IMPLEMENTATIONS = YES;
				CLANG_WARN_DIRECT_OBJC_ISA_USAGE = YES_ERROR;
				CLANG_WARN_DOCUMENTATION_COMMENTS = YES;
				CLANG_WARN_EMPTY_BODY = YES;
				CLANG_WARN_ENUM_CONVERSION = YES;
				CLANG_WARN_INFINITE_RECURSION = YES;
				CLANG_WARN_INT_CONVERSION = YES;
				CLANG_WARN_NON_LITERAL_NULL_CONVERSION = YES;
				CLANG_WARN_OBJC_IMPLICIT_RETAIN_SELF = YES;
				CLANG_WARN_OBJC_LITERAL_CONVERSION = YES;
				CLANG_WARN_OBJC_ROOT_CLASS = YES_ERROR;
				CLANG_WARN_RANGE_LOOP_ANALYSIS = YES;
				CLANG_WARN_STRICT_PROTOTYPES = YES;
				CLANG_WARN_SUSPICIOUS_MOVE = YES;
				CLANG_WARN_UNGUARDED_AVAILABILITY = YES_AGGRESSIVE;
				CLANG_WARN_UNREACHABLE_CODE = YES;
				CLANG_WARN__DUPLICATE_METHOD_MATCH = YES;
				CODE_SIGN_IDENTITY = "iPhone Developer";
				COPY_PHASE_STRIP = NO;
				DEBUG_INFORMATION_FORMAT = "dwarf-with-dsym";
				ENABLE_NS_ASSERTIONS = NO;
				ENABLE_STRICT_OBJC_MSGSEND = YES;
				GCC_C_LANGUAGE_STANDARD = gnu11;
				GCC_NO_COMMON_BLOCKS = YES;
				GCC_WARN_64_TO_32_BIT_CONVERSION = YES;
				GCC_WARN_ABOUT_RETURN_TYPE = YES_ERROR;
				GCC_WARN_UNDECLARED_SELECTOR = YES;
				GCC_WARN_UNINITIALIZED_AUTOS = YES_AGGRESSIVE;
				GCC_WARN_UNUSED_FUNCTION = YES;
				GCC_WARN_UNUSED_VARIABLE = YES;
				IPHONEOS_DEPLOYMENT_TARGET = 12.4;
				MTL_ENABLE_DEBUG_INFO = NO;
				MTL_FAST_MATH = YES;
				SDKROOT = iphoneos;
				SWIFT_COMPILATION_MODE = wholemodule;
				SWIFT_OPTIMIZATION_LEVEL = "-O";
				VALIDATE_PRODUCT = YES;
			};
			name = Release;
		};
		18F82759230825B0008491E6 /* Debug */ = {
			isa = XCBuildConfiguration;
			baseConfigurationReference = 7429F2D82F0EAEB1A0E01958 /* Pods-GoJekContacts.debug.xcconfig */;
			buildSettings = {
				ASSETCATALOG_COMPILER_APPICON_NAME = AppIcon;
				CODE_SIGN_STYLE = Automatic;
				INFOPLIST_FILE = GoJekContacts/Info.plist;
				LD_RUNPATH_SEARCH_PATHS = (
					"$(inherited)",
					"@executable_path/Frameworks",
				);
				PRODUCT_BUNDLE_IDENTIFIER = TA.GoJekContacts;
				PRODUCT_NAME = "$(TARGET_NAME)";
				SWIFT_VERSION = 5.0;
				TARGETED_DEVICE_FAMILY = 1;
			};
			name = Debug;
		};
		18F8275A230825B0008491E6 /* Release */ = {
			isa = XCBuildConfiguration;
			baseConfigurationReference = 2B69BE144D84A7C83049E230 /* Pods-GoJekContacts.release.xcconfig */;
			buildSettings = {
				ASSETCATALOG_COMPILER_APPICON_NAME = AppIcon;
				CODE_SIGN_STYLE = Automatic;
				INFOPLIST_FILE = GoJekContacts/Info.plist;
				LD_RUNPATH_SEARCH_PATHS = (
					"$(inherited)",
					"@executable_path/Frameworks",
				);
				PRODUCT_BUNDLE_IDENTIFIER = TA.GoJekContacts;
				PRODUCT_NAME = "$(TARGET_NAME)";
				SWIFT_VERSION = 5.0;
				TARGETED_DEVICE_FAMILY = 1;
			};
			name = Release;
		};
		18F8275C230825B0008491E6 /* Debug */ = {
			isa = XCBuildConfiguration;
			baseConfigurationReference = F19AB0277C2622FF360F526B /* Pods-GoJekContactsTests.debug.xcconfig */;
			buildSettings = {
				ALWAYS_EMBED_SWIFT_STANDARD_LIBRARIES = YES;
				BUNDLE_LOADER = "$(TEST_HOST)";
				CODE_SIGN_STYLE = Automatic;
				INFOPLIST_FILE = GoJekContactsTests/Info.plist;
				LD_RUNPATH_SEARCH_PATHS = (
					"$(inherited)",
					"@executable_path/Frameworks",
					"@loader_path/Frameworks",
				);
				PRODUCT_BUNDLE_IDENTIFIER = TA.GoJekContactsTests;
				PRODUCT_NAME = "$(TARGET_NAME)";
				SWIFT_VERSION = 5.0;
				TARGETED_DEVICE_FAMILY = "1,2";
				TEST_HOST = "$(BUILT_PRODUCTS_DIR)/GoJekContacts.app/GoJekContacts";
			};
			name = Debug;
		};
		18F8275D230825B0008491E6 /* Release */ = {
			isa = XCBuildConfiguration;
			baseConfigurationReference = FEDA6FE67AB88F12308C9DF9 /* Pods-GoJekContactsTests.release.xcconfig */;
			buildSettings = {
				ALWAYS_EMBED_SWIFT_STANDARD_LIBRARIES = YES;
				BUNDLE_LOADER = "$(TEST_HOST)";
				CODE_SIGN_STYLE = Automatic;
				INFOPLIST_FILE = GoJekContactsTests/Info.plist;
				LD_RUNPATH_SEARCH_PATHS = (
					"$(inherited)",
					"@executable_path/Frameworks",
					"@loader_path/Frameworks",
				);
				PRODUCT_BUNDLE_IDENTIFIER = TA.GoJekContactsTests;
				PRODUCT_NAME = "$(TARGET_NAME)";
				SWIFT_VERSION = 5.0;
				TARGETED_DEVICE_FAMILY = "1,2";
				TEST_HOST = "$(BUILT_PRODUCTS_DIR)/GoJekContacts.app/GoJekContacts";
			};
			name = Release;
		};
		18F8275F230825B0008491E6 /* Debug */ = {
			isa = XCBuildConfiguration;
			baseConfigurationReference = 58C69D1817750DD299C2B8D9 /* Pods-GoJekContactsUITests.debug.xcconfig */;
			buildSettings = {
				ALWAYS_EMBED_SWIFT_STANDARD_LIBRARIES = YES;
				CODE_SIGN_STYLE = Automatic;
				INFOPLIST_FILE = GoJekContactsUITests/Info.plist;
				LD_RUNPATH_SEARCH_PATHS = (
					"$(inherited)",
					"@executable_path/Frameworks",
					"@loader_path/Frameworks",
				);
				PRODUCT_BUNDLE_IDENTIFIER = TA.GoJekContactsUITests;
				PRODUCT_NAME = "$(TARGET_NAME)";
				SWIFT_VERSION = 5.0;
				TARGETED_DEVICE_FAMILY = "1,2";
				TEST_TARGET_NAME = GoJekContacts;
			};
			name = Debug;
		};
		18F82760230825B0008491E6 /* Release */ = {
			isa = XCBuildConfiguration;
			baseConfigurationReference = 7B8FD31AE94ACC9E0C70292E /* Pods-GoJekContactsUITests.release.xcconfig */;
			buildSettings = {
				ALWAYS_EMBED_SWIFT_STANDARD_LIBRARIES = YES;
				CODE_SIGN_STYLE = Automatic;
				INFOPLIST_FILE = GoJekContactsUITests/Info.plist;
				LD_RUNPATH_SEARCH_PATHS = (
					"$(inherited)",
					"@executable_path/Frameworks",
					"@loader_path/Frameworks",
				);
				PRODUCT_BUNDLE_IDENTIFIER = TA.GoJekContactsUITests;
				PRODUCT_NAME = "$(TARGET_NAME)";
				SWIFT_VERSION = 5.0;
				TARGETED_DEVICE_FAMILY = "1,2";
				TEST_TARGET_NAME = GoJekContacts;
			};
			name = Release;
		};
/* End XCBuildConfiguration section */

/* Begin XCConfigurationList section */
		18F82728230825AE008491E6 /* Build configuration list for PBXProject "GoJekContacts" */ = {
			isa = XCConfigurationList;
			buildConfigurations = (
				18F82756230825B0008491E6 /* Debug */,
				18F82757230825B0008491E6 /* Release */,
			);
			defaultConfigurationIsVisible = 0;
			defaultConfigurationName = Release;
		};
		18F82758230825B0008491E6 /* Build configuration list for PBXNativeTarget "GoJekContacts" */ = {
			isa = XCConfigurationList;
			buildConfigurations = (
				18F82759230825B0008491E6 /* Debug */,
				18F8275A230825B0008491E6 /* Release */,
			);
			defaultConfigurationIsVisible = 0;
			defaultConfigurationName = Release;
		};
		18F8275B230825B0008491E6 /* Build configuration list for PBXNativeTarget "GoJekContactsTests" */ = {
			isa = XCConfigurationList;
			buildConfigurations = (
				18F8275C230825B0008491E6 /* Debug */,
				18F8275D230825B0008491E6 /* Release */,
			);
			defaultConfigurationIsVisible = 0;
			defaultConfigurationName = Release;
		};
		18F8275E230825B0008491E6 /* Build configuration list for PBXNativeTarget "GoJekContactsUITests" */ = {
			isa = XCConfigurationList;
			buildConfigurations = (
				18F8275F230825B0008491E6 /* Debug */,
				18F82760230825B0008491E6 /* Release */,
			);
			defaultConfigurationIsVisible = 0;
			defaultConfigurationName = Release;
		};
/* End XCConfigurationList section */

/* Begin XCVersionGroup section */
		18F82737230825AE008491E6 /* GoJekContacts.xcdatamodeld */ = {
			isa = XCVersionGroup;
			children = (
				18F82738230825AE008491E6 /* GoJekContacts.xcdatamodel */,
			);
			currentVersion = 18F82738230825AE008491E6 /* GoJekContacts.xcdatamodel */;
			path = GoJekContacts.xcdatamodeld;
			sourceTree = "<group>";
			versionGroupType = wrapper.xcdatamodel;
		};
/* End XCVersionGroup section */
	};
	rootObject = 18F82725230825AE008491E6 /* Project object */;
}
